// !$*UTF8*$!
{
	archiveVersion = 1;
	classes = {
	};
	objectVersion = 46;
	objects = {

/* Begin PBXAggregateTarget section */
		E9650D001C69198400D381AF /* scanline-all */ = {
			isa = PBXAggregateTarget;
			buildConfigurationList = E9650D011C69198400D381AF /* Build configuration list for PBXAggregateTarget "scanline-all" */;
			buildPhases = (
			);
			dependencies = (
				E9650D051C69198B00D381AF /* PBXTargetDependency */,
				E9650D071C69198B00D381AF /* PBXTargetDependency */,
			);
			name = "scanline-all";
			productName = "scanline-all";
		};
/* End PBXAggregateTarget section */

/* Begin PBXBuildFile section */
		E91AE39B1C664E2C00CEABAA /* debugConfig.c in Sources */ = {isa = PBXBuildFile; fileRef = E91AE39A1C664E2C00CEABAA /* debugConfig.c */; };
		E91AE39E1C67F42300CEABAA /* misc.c in Sources */ = {isa = PBXBuildFile; fileRef = E95714E31C581551006FBFB1 /* misc.c */; };
		E91AE39F1C67F42600CEABAA /* red_black_tree.c in Sources */ = {isa = PBXBuildFile; fileRef = E95714E51C581551006FBFB1 /* red_black_tree.c */; };
		E91AE3A01C67F55F00CEABAA /* debugConfig.c in Sources */ = {isa = PBXBuildFile; fileRef = E91AE39A1C664E2C00CEABAA /* debugConfig.c */; };
		E93B36951C56CBFA00A88A02 /* Point.c in Sources */ = {isa = PBXBuildFile; fileRef = E93B36931C56CBFA00A88A02 /* Point.c */; };
		E93B36981C56CE7600A88A02 /* Edge.c in Sources */ = {isa = PBXBuildFile; fileRef = E93B36961C56CE7600A88A02 /* Edge.c */; };
		E93B369B1C56D27900A88A02 /* Primitive.c in Sources */ = {isa = PBXBuildFile; fileRef = E93B36991C56D27900A88A02 /* Primitive.c */; };
		E93B369E1C56DFF200A88A02 /* Transformation.c in Sources */ = {isa = PBXBuildFile; fileRef = E93B369C1C56DFF200A88A02 /* Transformation.c */; };
		E93B36A11C56E8D700A88A02 /* AEL.c in Sources */ = {isa = PBXBuildFile; fileRef = E93B369F1C56E8D700A88A02 /* AEL.c */; };
		E95714EC1C581551006FBFB1 /* misc.c in Sources */ = {isa = PBXBuildFile; fileRef = E95714E31C581551006FBFB1 /* misc.c */; };
		E95714ED1C581551006FBFB1 /* red_black_tree.c in Sources */ = {isa = PBXBuildFile; fileRef = E95714E51C581551006FBFB1 /* red_black_tree.c */; };
		E95714F31C582399006FBFB1 /* linklist.c in Sources */ = {isa = PBXBuildFile; fileRef = E95714F11C582399006FBFB1 /* linklist.c */; };
		E95714F61C593AD5006FBFB1 /* ScanlineRenderer.c in Sources */ = {isa = PBXBuildFile; fileRef = E95714F41C593AD5006FBFB1 /* ScanlineRenderer.c */; };
		E9650D0A1C691B3600D381AF /* Colors.c in Sources */ = {isa = PBXBuildFile; fileRef = E9650D081C691B3600D381AF /* Colors.c */; };
		E9820ADC1C5AC05200ACCF82 /* libnetpbm.a in Frameworks */ = {isa = PBXBuildFile; fileRef = E9820ADB1C5AC05200ACCF82 /* libnetpbm.a */; };
		E9A994FF1C5D34B70036F212 /* main.c in Sources */ = {isa = PBXBuildFile; fileRef = E9A994FE1C5D34B70036F212 /* main.c */; };
		E9A995031C5D34C40036F212 /* linklist.c in Sources */ = {isa = PBXBuildFile; fileRef = E95714F11C582399006FBFB1 /* linklist.c */; };
		E9BF95431C62911D003CDECC /* main.c in Sources */ = {isa = PBXBuildFile; fileRef = E93B368C1C56CB1300A88A02 /* main.c */; };
/* End PBXBuildFile section */

/* Begin PBXContainerItemProxy section */
		E9650D041C69198B00D381AF /* PBXContainerItemProxy */ = {
			isa = PBXContainerItemProxy;
			containerPortal = E93B36811C56CB1300A88A02 /* Project object */;
			proxyType = 1;
			remoteGlobalIDString = E93B36881C56CB1300A88A02;
			remoteInfo = ScanLineRender;
		};
		E9650D061C69198B00D381AF /* PBXContainerItemProxy */ = {
			isa = PBXContainerItemProxy;
			containerPortal = E93B36811C56CB1300A88A02 /* Project object */;
			proxyType = 1;
			remoteGlobalIDString = E93DF98D1C6511E500063228;
			remoteInfo = scanln.8xp;
		};
/* End PBXContainerItemProxy section */

/* Begin PBXCopyFilesBuildPhase section */
		E93B36871C56CB1300A88A02 /* CopyFiles */ = {
			isa = PBXCopyFilesBuildPhase;
			buildActionMask = 2147483647;
			dstPath = /usr/share/man/man1/;
			dstSubfolderSpec = 0;
			files = (
			);
			runOnlyForDeploymentPostprocessing = 1;
		};
		E9A994FA1C5D34B70036F212 /* CopyFiles */ = {
			isa = PBXCopyFilesBuildPhase;
			buildActionMask = 2147483647;
			dstPath = /usr/share/man/man1/;
			dstSubfolderSpec = 0;
			files = (
			);
			runOnlyForDeploymentPostprocessing = 1;
		};
/* End PBXCopyFilesBuildPhase section */

/* Begin PBXFileReference section */
		E91AE39A1C664E2C00CEABAA /* debugConfig.c */ = {isa = PBXFileReference; fileEncoding = 4; lastKnownFileType = sourcecode.c.c; path = debugConfig.c; sourceTree = "<group>"; };
		E91AE39C1C664F8D00CEABAA /* Makefile */ = {isa = PBXFileReference; fileEncoding = 4; lastKnownFileType = sourcecode.make; path = Makefile; sourceTree = "<group>"; };
		E93B36891C56CB1300A88A02 /* ScanLineRender */ = {isa = PBXFileReference; explicitFileType = "compiled.mach-o.executable"; includeInIndex = 0; path = ScanLineRender; sourceTree = BUILT_PRODUCTS_DIR; };
		E93B368C1C56CB1300A88A02 /* main.c */ = {isa = PBXFileReference; lastKnownFileType = sourcecode.c.c; path = main.c; sourceTree = "<group>"; };
		E93B36931C56CBFA00A88A02 /* Point.c */ = {isa = PBXFileReference; fileEncoding = 4; lastKnownFileType = sourcecode.c.c; path = Point.c; sourceTree = "<group>"; };
		E93B36941C56CBFA00A88A02 /* Point.h */ = {isa = PBXFileReference; fileEncoding = 4; lastKnownFileType = sourcecode.c.h; path = Point.h; sourceTree = "<group>"; };
		E93B36961C56CE7600A88A02 /* Edge.c */ = {isa = PBXFileReference; fileEncoding = 4; lastKnownFileType = sourcecode.c.c; path = Edge.c; sourceTree = "<group>"; };
		E93B36971C56CE7600A88A02 /* Edge.h */ = {isa = PBXFileReference; fileEncoding = 4; lastKnownFileType = sourcecode.c.h; path = Edge.h; sourceTree = "<group>"; };
		E93B36991C56D27900A88A02 /* Primitive.c */ = {isa = PBXFileReference; fileEncoding = 4; lastKnownFileType = sourcecode.c.c; path = Primitive.c; sourceTree = "<group>"; };
		E93B369A1C56D27900A88A02 /* Primitive.h */ = {isa = PBXFileReference; fileEncoding = 4; lastKnownFileType = sourcecode.c.h; path = Primitive.h; sourceTree = "<group>"; };
		E93B369C1C56DFF200A88A02 /* Transformation.c */ = {isa = PBXFileReference; fileEncoding = 4; lastKnownFileType = sourcecode.c.c; path = Transformation.c; sourceTree = "<group>"; };
		E93B369D1C56DFF200A88A02 /* Transformation.h */ = {isa = PBXFileReference; fileEncoding = 4; lastKnownFileType = sourcecode.c.h; path = Transformation.h; sourceTree = "<group>"; };
		E93B369F1C56E8D700A88A02 /* AEL.c */ = {isa = PBXFileReference; fileEncoding = 4; lastKnownFileType = sourcecode.c.c; path = AEL.c; sourceTree = "<group>"; };
		E93B36A01C56E8D700A88A02 /* AEL.h */ = {isa = PBXFileReference; fileEncoding = 4; lastKnownFileType = sourcecode.c.h; path = AEL.h; sourceTree = "<group>"; };
		E95714E01C581551006FBFB1 /* CHANGES */ = {isa = PBXFileReference; fileEncoding = 4; lastKnownFileType = text; path = CHANGES; sourceTree = "<group>"; };
		E95714E31C581551006FBFB1 /* misc.c */ = {isa = PBXFileReference; fileEncoding = 4; lastKnownFileType = sourcecode.c.c; path = misc.c; sourceTree = "<group>"; };
		E95714E41C581551006FBFB1 /* misc.h */ = {isa = PBXFileReference; fileEncoding = 4; lastKnownFileType = sourcecode.c.h; path = misc.h; sourceTree = "<group>"; };
		E95714E51C581551006FBFB1 /* red_black_tree.c */ = {isa = PBXFileReference; fileEncoding = 4; lastKnownFileType = sourcecode.c.c; path = red_black_tree.c; sourceTree = "<group>"; };
		E95714E61C581551006FBFB1 /* red_black_tree.h */ = {isa = PBXFileReference; fileEncoding = 4; lastKnownFileType = sourcecode.c.h; path = red_black_tree.h; sourceTree = "<group>"; };
		E95714F11C582399006FBFB1 /* linklist.c */ = {isa = PBXFileReference; fileEncoding = 4; lastKnownFileType = sourcecode.c.c; path = linklist.c; sourceTree = "<group>"; };
		E95714F21C582399006FBFB1 /* linklist.h */ = {isa = PBXFileReference; fileEncoding = 4; lastKnownFileType = sourcecode.c.h; path = linklist.h; sourceTree = "<group>"; };
		E95714F41C593AD5006FBFB1 /* ScanlineRenderer.c */ = {isa = PBXFileReference; fileEncoding = 4; lastKnownFileType = sourcecode.c.c; path = ScanlineRenderer.c; sourceTree = "<group>"; };
		E95714F51C593AD5006FBFB1 /* ScanlineRenderer.h */ = {isa = PBXFileReference; fileEncoding = 4; lastKnownFileType = sourcecode.c.h; path = ScanlineRenderer.h; sourceTree = "<group>"; };
		E9650D081C691B3600D381AF /* Colors.c */ = {isa = PBXFileReference; fileEncoding = 4; lastKnownFileType = sourcecode.c.c; path = Colors.c; sourceTree = "<group>"; };
		E9650D091C691B3600D381AF /* Colors.h */ = {isa = PBXFileReference; fileEncoding = 4; lastKnownFileType = sourcecode.c.h; path = Colors.h; sourceTree = "<group>"; };
		E9820ADB1C5AC05200ACCF82 /* libnetpbm.a */ = {isa = PBXFileReference; lastKnownFileType = archive.ar; name = libnetpbm.a; path = ../../../../../../opt/local/lib/libnetpbm.a; sourceTree = "<group>"; };
		E9A994F71C5BE33C0036F212 /* debugConfig.h */ = {isa = PBXFileReference; lastKnownFileType = sourcecode.c.h; path = debugConfig.h; sourceTree = "<group>"; };
		E9A994FC1C5D34B70036F212 /* SortTest */ = {isa = PBXFileReference; explicitFileType = "compiled.mach-o.executable"; includeInIndex = 0; path = SortTest; sourceTree = BUILT_PRODUCTS_DIR; };
		E9A994FE1C5D34B70036F212 /* main.c */ = {isa = PBXFileReference; lastKnownFileType = sourcecode.c.c; path = main.c; sourceTree = "<group>"; };
/* End PBXFileReference section */

/* Begin PBXFrameworksBuildPhase section */
		E93B36861C56CB1300A88A02 /* Frameworks */ = {
			isa = PBXFrameworksBuildPhase;
			buildActionMask = 2147483647;
			files = (
				E9820ADC1C5AC05200ACCF82 /* libnetpbm.a in Frameworks */,
			);
			runOnlyForDeploymentPostprocessing = 0;
		};
		E9A994F91C5D34B70036F212 /* Frameworks */ = {
			isa = PBXFrameworksBuildPhase;
			buildActionMask = 2147483647;
			files = (
			);
			runOnlyForDeploymentPostprocessing = 0;
		};
/* End PBXFrameworksBuildPhase section */

/* Begin PBXGroup section */
		E93B36801C56CB1300A88A02 = {
			isa = PBXGroup;
			children = (
				E9820ADB1C5AC05200ACCF82 /* libnetpbm.a */,
				E93B368B1C56CB1300A88A02 /* ScanLineRender */,
				E9A994FD1C5D34B70036F212 /* SortTest */,
				E93B368A1C56CB1300A88A02 /* Products */,
			);
			sourceTree = "<group>";
		};
		E93B368A1C56CB1300A88A02 /* Products */ = {
			isa = PBXGroup;
			children = (
				E93B36891C56CB1300A88A02 /* ScanLineRender */,
				E9A994FC1C5D34B70036F212 /* SortTest */,
			);
			name = Products;
			sourceTree = "<group>";
		};
		E93B368B1C56CB1300A88A02 /* ScanLineRender */ = {
			isa = PBXGroup;
			children = (
				E95714F01C58237C006FBFB1 /* link_list */,
				E95714DF1C581551006FBFB1 /* rb_tree */,
				E93B368C1C56CB1300A88A02 /* main.c */,
				E93B369F1C56E8D700A88A02 /* AEL.c */,
				E93B36A01C56E8D700A88A02 /* AEL.h */,
				E9650D081C691B3600D381AF /* Colors.c */,
				E9650D091C691B3600D381AF /* Colors.h */,
				E9A994F71C5BE33C0036F212 /* debugConfig.h */,
				E91AE39A1C664E2C00CEABAA /* debugConfig.c */,
				E91AE39C1C664F8D00CEABAA /* Makefile */,
				E93B36961C56CE7600A88A02 /* Edge.c */,
				E93B36971C56CE7600A88A02 /* Edge.h */,
				E93B36931C56CBFA00A88A02 /* Point.c */,
				E93B36941C56CBFA00A88A02 /* Point.h */,
				E93B36991C56D27900A88A02 /* Primitive.c */,
				E93B369A1C56D27900A88A02 /* Primitive.h */,
				E95714F41C593AD5006FBFB1 /* ScanlineRenderer.c */,
				E95714F51C593AD5006FBFB1 /* ScanlineRenderer.h */,
				E93B369C1C56DFF200A88A02 /* Transformation.c */,
				E93B369D1C56DFF200A88A02 /* Transformation.h */,
			);
			path = ScanLineRender;
			sourceTree = "<group>";
		};
		E95714DF1C581551006FBFB1 /* rb_tree */ = {
			isa = PBXGroup;
			children = (
				E95714E01C581551006FBFB1 /* CHANGES */,
				E95714E31C581551006FBFB1 /* misc.c */,
				E95714E41C581551006FBFB1 /* misc.h */,
				E95714E51C581551006FBFB1 /* red_black_tree.c */,
				E95714E61C581551006FBFB1 /* red_black_tree.h */,
			);
			path = rb_tree;
			sourceTree = "<group>";
		};
		E95714F01C58237C006FBFB1 /* link_list */ = {
			isa = PBXGroup;
			children = (
				E95714F11C582399006FBFB1 /* linklist.c */,
				E95714F21C582399006FBFB1 /* linklist.h */,
			);
			path = link_list;
			sourceTree = "<group>";
		};
		E9A994FD1C5D34B70036F212 /* SortTest */ = {
			isa = PBXGroup;
			children = (
				E9A994FE1C5D34B70036F212 /* main.c */,
			);
			path = SortTest;
			sourceTree = "<group>";
		};
/* End PBXGroup section */

/* Begin PBXLegacyTarget section */
		E91AE3A11C6811CA00CEABAA /* sorttest.8xp */ = {
			isa = PBXLegacyTarget;
			buildArgumentsString = "../toolchain/CEdev/bin/make.exe $(ACTION)";
			buildConfigurationList = E91AE3A21C6811CA00CEABAA /* Build configuration list for PBXLegacyTarget "sorttest.8xp" */;
			buildPhases = (
			);
			buildToolPath = /opt/local/bin/wine;
			buildWorkingDirectory = "/Users/thomas/Scanline-Rendering/ScanLineRender/SortTest";
			dependencies = (
			);
			name = sorttest.8xp;
			passBuildSettingsInEnvironment = 0;
			productName = scanln.8xp;
		};
		E93DF98D1C6511E500063228 /* scanln.8xp */ = {
			isa = PBXLegacyTarget;
			buildArgumentsString = "../toolchain/CEdev/bin/make.exe $(ACTION)";
			buildConfigurationList = E93DF9901C6511E500063228 /* Build configuration list for PBXLegacyTarget "scanln.8xp" */;
			buildPhases = (
			);
			buildToolPath = /opt/local/bin/wine;
			buildWorkingDirectory = "/Users/thomas/Scanline-Rendering/ScanLineRender/ScanLineRender";
			dependencies = (
			);
			name = scanln.8xp;
			passBuildSettingsInEnvironment = 0;
			productName = scanln.8xp;
		};
/* End PBXLegacyTarget section */

/* Begin PBXNativeTarget section */
		E93B36881C56CB1300A88A02 /* ScanLineRender */ = {
			isa = PBXNativeTarget;
			buildConfigurationList = E93B36901C56CB1300A88A02 /* Build configuration list for PBXNativeTarget "ScanLineRender" */;
			buildPhases = (
				E93B36851C56CB1300A88A02 /* Sources */,
				E93B36861C56CB1300A88A02 /* Frameworks */,
				E93B36871C56CB1300A88A02 /* CopyFiles */,
			);
			buildRules = (
			);
			dependencies = (
			);
			name = ScanLineRender;
			productName = ScanLineRender;
			productReference = E93B36891C56CB1300A88A02 /* ScanLineRender */;
			productType = "com.apple.product-type.tool";
		};
		E9A994FB1C5D34B70036F212 /* SortTest */ = {
			isa = PBXNativeTarget;
			buildConfigurationList = E9A995001C5D34B70036F212 /* Build configuration list for PBXNativeTarget "SortTest" */;
			buildPhases = (
				E9A994F81C5D34B70036F212 /* Sources */,
				E9A994F91C5D34B70036F212 /* Frameworks */,
				E9A994FA1C5D34B70036F212 /* CopyFiles */,
			);
			buildRules = (
			);
			dependencies = (
			);
			name = SortTest;
			productName = SortTest;
			productReference = E9A994FC1C5D34B70036F212 /* SortTest */;
			productType = "com.apple.product-type.tool";
		};
/* End PBXNativeTarget section */

/* Begin PBXProject section */
		E93B36811C56CB1300A88A02 /* Project object */ = {
			isa = PBXProject;
			attributes = {
				LastUpgradeCheck = 0720;
				ORGANIZATIONNAME = "StickFigure Graphic Productions";
				TargetAttributes = {
					E93B36881C56CB1300A88A02 = {
						CreatedOnToolsVersion = 7.2;
					};
					E93DF98D1C6511E500063228 = {
						CreatedOnToolsVersion = 7.2.1;
					};
					E9650D001C69198400D381AF = {
						CreatedOnToolsVersion = 7.2.1;
					};
					E9A994FB1C5D34B70036F212 = {
						CreatedOnToolsVersion = 7.2;
					};
				};
			};
			buildConfigurationList = E93B36841C56CB1300A88A02 /* Build configuration list for PBXProject "ScanLineRender" */;
			compatibilityVersion = "Xcode 3.2";
			developmentRegion = English;
			hasScannedForEncodings = 0;
			knownRegions = (
				en,
			);
			mainGroup = E93B36801C56CB1300A88A02;
			productRefGroup = E93B368A1C56CB1300A88A02 /* Products */;
			projectDirPath = "";
			projectRoot = "";
			targets = (
				E93B36881C56CB1300A88A02 /* ScanLineRender */,
				E93DF98D1C6511E500063228 /* scanln.8xp */,
				E9A994FB1C5D34B70036F212 /* SortTest */,
				E91AE3A11C6811CA00CEABAA /* sorttest.8xp */,
				E9650D001C69198400D381AF /* scanline-all */,
			);
		};
/* End PBXProject section */

/* Begin PBXSourcesBuildPhase section */
		E93B36851C56CB1300A88A02 /* Sources */ = {
			isa = PBXSourcesBuildPhase;
			buildActionMask = 2147483647;
			files = (
				E9BF95431C62911D003CDECC /* main.c in Sources */,
				E93B36A11C56E8D700A88A02 /* AEL.c in Sources */,
				E93B36951C56CBFA00A88A02 /* Point.c in Sources */,
				E91AE39B1C664E2C00CEABAA /* debugConfig.c in Sources */,
				E93B369B1C56D27900A88A02 /* Primitive.c in Sources */,
				E95714EC1C581551006FBFB1 /* misc.c in Sources */,
				E95714F31C582399006FBFB1 /* linklist.c in Sources */,
				E95714ED1C581551006FBFB1 /* red_black_tree.c in Sources */,
				E95714F61C593AD5006FBFB1 /* ScanlineRenderer.c in Sources */,
				E93B36981C56CE7600A88A02 /* Edge.c in Sources */,
				E93B369E1C56DFF200A88A02 /* Transformation.c in Sources */,
				E9650D0A1C691B3600D381AF /* Colors.c in Sources */,
			);
			runOnlyForDeploymentPostprocessing = 0;
		};
		E9A994F81C5D34B70036F212 /* Sources */ = {
			isa = PBXSourcesBuildPhase;
			buildActionMask = 2147483647;
			files = (
				E91AE39E1C67F42300CEABAA /* misc.c in Sources */,
				E9A994FF1C5D34B70036F212 /* main.c in Sources */,
				E9A995031C5D34C40036F212 /* linklist.c in Sources */,
				E91AE39F1C67F42600CEABAA /* red_black_tree.c in Sources */,
				E91AE3A01C67F55F00CEABAA /* debugConfig.c in Sources */,
			);
			runOnlyForDeploymentPostprocessing = 0;
		};
/* End PBXSourcesBuildPhase section */

/* Begin PBXTargetDependency section */
		E9650D051C69198B00D381AF /* PBXTargetDependency */ = {
			isa = PBXTargetDependency;
			target = E93B36881C56CB1300A88A02 /* ScanLineRender */;
			targetProxy = E9650D041C69198B00D381AF /* PBXContainerItemProxy */;
		};
		E9650D071C69198B00D381AF /* PBXTargetDependency */ = {
			isa = PBXTargetDependency;
			target = E93DF98D1C6511E500063228 /* scanln.8xp */;
			targetProxy = E9650D061C69198B00D381AF /* PBXContainerItemProxy */;
		};
/* End PBXTargetDependency section */

/* Begin XCBuildConfiguration section */
		E91AE3A31C6811CA00CEABAA /* Debug */ = {
			isa = XCBuildConfiguration;
			buildSettings = {
				DEBUGGING_SYMBOLS = YES;
				DEBUG_INFORMATION_FORMAT = dwarf;
				GCC_GENERATE_DEBUGGING_SYMBOLS = YES;
				GCC_OPTIMIZATION_LEVEL = 0;
				OTHER_CFLAGS = "";
				OTHER_LDFLAGS = "";
				PRODUCT_NAME = "$(TARGET_NAME)";
			};
			name = Debug;
		};
		E91AE3A41C6811CA00CEABAA /* Release */ = {
			isa = XCBuildConfiguration;
			buildSettings = {
				DEBUG_INFORMATION_FORMAT = "dwarf-with-dsym";
				OTHER_CFLAGS = "";
				OTHER_LDFLAGS = "";
				PRODUCT_NAME = "$(TARGET_NAME)";
			};
			name = Release;
		};
		E93B368E1C56CB1300A88A02 /* Debug */ = {
			isa = XCBuildConfiguration;
			buildSettings = {
				ALWAYS_SEARCH_USER_PATHS = NO;
				CLANG_CXX_LANGUAGE_STANDARD = "gnu++0x";
				CLANG_CXX_LIBRARY = "libc++";
				CLANG_ENABLE_MODULES = YES;
				CLANG_ENABLE_OBJC_ARC = YES;
				CLANG_WARN_BOOL_CONVERSION = YES;
				CLANG_WARN_CONSTANT_CONVERSION = YES;
				CLANG_WARN_DIRECT_OBJC_ISA_USAGE = YES_ERROR;
				CLANG_WARN_EMPTY_BODY = YES;
				CLANG_WARN_ENUM_CONVERSION = YES;
				CLANG_WARN_INT_CONVERSION = YES;
				CLANG_WARN_OBJC_ROOT_CLASS = YES_ERROR;
				CLANG_WARN_UNREACHABLE_CODE = YES;
				CLANG_WARN__DUPLICATE_METHOD_MATCH = YES;
				CODE_SIGN_IDENTITY = "-";
				COPY_PHASE_STRIP = NO;
				DEBUG_INFORMATION_FORMAT = dwarf;
				ENABLE_STRICT_OBJC_MSGSEND = YES;
				ENABLE_TESTABILITY = YES;
				GCC_C_LANGUAGE_STANDARD = gnu99;
				GCC_DYNAMIC_NO_PIC = NO;
				GCC_NO_COMMON_BLOCKS = YES;
				GCC_OPTIMIZATION_LEVEL = 0;
				GCC_PREPROCESSOR_DEFINITIONS = (
					"DEBUG=1",
					"$(inherited)",
				);
				GCC_WARN_64_TO_32_BIT_CONVERSION = YES;
				GCC_WARN_ABOUT_RETURN_TYPE = YES_ERROR;
				GCC_WARN_UNDECLARED_SELECTOR = YES;
				GCC_WARN_UNINITIALIZED_AUTOS = YES_AGGRESSIVE;
				GCC_WARN_UNUSED_FUNCTION = YES;
				GCC_WARN_UNUSED_VARIABLE = YES;
				MACOSX_DEPLOYMENT_TARGET = 10.11;
				MTL_ENABLE_DEBUG_INFO = YES;
				ONLY_ACTIVE_ARCH = YES;
				SDKROOT = macosx;
			};
			name = Debug;
		};
		E93B368F1C56CB1300A88A02 /* Release */ = {
			isa = XCBuildConfiguration;
			buildSettings = {
				ALWAYS_SEARCH_USER_PATHS = NO;
				CLANG_CXX_LANGUAGE_STANDARD = "gnu++0x";
				CLANG_CXX_LIBRARY = "libc++";
				CLANG_ENABLE_MODULES = YES;
				CLANG_ENABLE_OBJC_ARC = YES;
				CLANG_WARN_BOOL_CONVERSION = YES;
				CLANG_WARN_CONSTANT_CONVERSION = YES;
				CLANG_WARN_DIRECT_OBJC_ISA_USAGE = YES_ERROR;
				CLANG_WARN_EMPTY_BODY = YES;
				CLANG_WARN_ENUM_CONVERSION = YES;
				CLANG_WARN_INT_CONVERSION = YES;
				CLANG_WARN_OBJC_ROOT_CLASS = YES_ERROR;
				CLANG_WARN_UNREACHABLE_CODE = YES;
				CLANG_WARN__DUPLICATE_METHOD_MATCH = YES;
				CODE_SIGN_IDENTITY = "-";
				COPY_PHASE_STRIP = NO;
				DEBUG_INFORMATION_FORMAT = "dwarf-with-dsym";
				ENABLE_NS_ASSERTIONS = NO;
				ENABLE_STRICT_OBJC_MSGSEND = YES;
				GCC_C_LANGUAGE_STANDARD = gnu99;
				GCC_NO_COMMON_BLOCKS = YES;
				GCC_WARN_64_TO_32_BIT_CONVERSION = YES;
				GCC_WARN_ABOUT_RETURN_TYPE = YES_ERROR;
				GCC_WARN_UNDECLARED_SELECTOR = YES;
				GCC_WARN_UNINITIALIZED_AUTOS = YES_AGGRESSIVE;
				GCC_WARN_UNUSED_FUNCTION = YES;
				GCC_WARN_UNUSED_VARIABLE = YES;
				MACOSX_DEPLOYMENT_TARGET = 10.11;
				MTL_ENABLE_DEBUG_INFO = NO;
				SDKROOT = macosx;
			};
			name = Release;
		};
		E93B36911C56CB1300A88A02 /* Debug */ = {
			isa = XCBuildConfiguration;
			buildSettings = {
				HEADER_SEARCH_PATHS = /opt/local/include;
				LIBRARY_SEARCH_PATHS = (
					"$(inherited)",
					/opt/local/lib,
				);
				OTHER_CFLAGS = (
					"-pedantic",
					"-ansi",
					"-Werror=declaration-after-statement",
					"-Werror=implicit-function-declaration",
					"-Werror=missing-prototypes",
					"-Werror=return-type",
				);
				PRODUCT_NAME = "$(TARGET_NAME)";
			};
			name = Debug;
		};
		E93B36921C56CB1300A88A02 /* Release */ = {
			isa = XCBuildConfiguration;
			buildSettings = {
				HEADER_SEARCH_PATHS = /opt/local/include;
				LIBRARY_SEARCH_PATHS = (
					"$(inherited)",
					/opt/local/lib,
				);
				OTHER_CFLAGS = (
					"-pedantic",
					"-ansi",
					"-Werror=declaration-after-statement",
					"-Werror=implicit-function-declaration",
					"-Werror=missing-prototypes",
					"-Werror=return-type",
				);
				PRODUCT_NAME = "$(TARGET_NAME)";
			};
			name = Release;
		};
		E93DF98E1C6511E500063228 /* Debug */ = {
			isa = XCBuildConfiguration;
			buildSettings = {
				DEBUGGING_SYMBOLS = YES;
				DEBUG_INFORMATION_FORMAT = dwarf;
				GCC_GENERATE_DEBUGGING_SYMBOLS = YES;
				GCC_OPTIMIZATION_LEVEL = 0;
				OTHER_CFLAGS = "";
				OTHER_LDFLAGS = "";
				PRODUCT_NAME = "$(TARGET_NAME)";
			};
			name = Debug;
		};
		E93DF98F1C6511E500063228 /* Release */ = {
			isa = XCBuildConfiguration;
			buildSettings = {
				DEBUG_INFORMATION_FORMAT = "dwarf-with-dsym";
				OTHER_CFLAGS = "";
				OTHER_LDFLAGS = "";
				PRODUCT_NAME = "$(TARGET_NAME)";
			};
			name = Release;
		};
		E9650D021C69198400D381AF /* Debug */ = {
			isa = XCBuildConfiguration;
			buildSettings = {
				PRODUCT_NAME = "$(TARGET_NAME)";
			};
			name = Debug;
		};
		E9650D031C69198400D381AF /* Release */ = {
			isa = XCBuildConfiguration;
			buildSettings = {
				PRODUCT_NAME = "$(TARGET_NAME)";
			};
			name = Release;
		};
		E9A995011C5D34B70036F212 /* Debug */ = {
			isa = XCBuildConfiguration;
			buildSettings = {
				PRODUCT_NAME = "$(TARGET_NAME)";
			};
			name = Debug;
		};
		E9A995021C5D34B70036F212 /* Release */ = {
			isa = XCBuildConfiguration;
			buildSettings = {
				PRODUCT_NAME = "$(TARGET_NAME)";
			};
			name = Release;
		};
/* End XCBuildConfiguration section */

/* Begin XCConfigurationList section */
		E91AE3A21C6811CA00CEABAA /* Build configuration list for PBXLegacyTarget "sorttest.8xp" */ = {
			isa = XCConfigurationList;
			buildConfigurations = (
				E91AE3A31C6811CA00CEABAA /* Debug */,
				E91AE3A41C6811CA00CEABAA /* Release */,
			);
			defaultConfigurationIsVisible = 0;
			defaultConfigurationName = Release;
		};
		E93B36841C56CB1300A88A02 /* Build configuration list for PBXProject "ScanLineRender" */ = {
			isa = XCConfigurationList;
			buildConfigurations = (
				E93B368E1C56CB1300A88A02 /* Debug */,
				E93B368F1C56CB1300A88A02 /* Release */,
			);
			defaultConfigurationIsVisible = 0;
			defaultConfigurationName = Release;
		};
		E93B36901C56CB1300A88A02 /* Build configuration list for PBXNativeTarget "ScanLineRender" */ = {
			isa = XCConfigurationList;
			buildConfigurations = (
				E93B36911C56CB1300A88A02 /* Debug */,
				E93B36921C56CB1300A88A02 /* Release */,
			);
			defaultConfigurationIsVisible = 0;
			defaultConfigurationName = Release;
		};
		E93DF9901C6511E500063228 /* Build configuration list for PBXLegacyTarget "scanln.8xp" */ = {
			isa = XCConfigurationList;
			buildConfigurations = (
				E93DF98E1C6511E500063228 /* Debug */,
				E93DF98F1C6511E500063228 /* Release */,
			);
			defaultConfigurationIsVisible = 0;
			defaultConfigurationName = Release;
		};
		E9650D011C69198400D381AF /* Build configuration list for PBXAggregateTarget "scanline-all" */ = {
			isa = XCConfigurationList;
			buildConfigurations = (
				E9650D021C69198400D381AF /* Debug */,
				E9650D031C69198400D381AF /* Release */,
			);
			defaultConfigurationIsVisible = 0;
		};
		E9A995001C5D34B70036F212 /* Build configuration list for PBXNativeTarget "SortTest" */ = {
			isa = XCConfigurationList;
			buildConfigurations = (
				E9A995011C5D34B70036F212 /* Debug */,
				E9A995021C5D34B70036F212 /* Release */,
			);
			defaultConfigurationIsVisible = 0;
			defaultConfigurationName = Release;
		};
/* End XCConfigurationList section */
	};
	rootObject = E93B36811C56CB1300A88A02 /* Project object */;
}
